
Microsoft Visual Studio Solution File, Format Version 12.00
# Visual Studio Version 16
VisualStudioVersion = 16.0.29509.3
MinimumVisualStudioVersion = 10.0.40219.1
Project("{FAE04EC0-301F-11D3-BF4B-00C04F79EFBC}") = "Calculation", "Calculation.csproj", "{2393AAA5-A2D9-4B08-B156-B498DD4B7E1E}"
EndProject
Project("{FAE04EC0-301F-11D3-BF4B-00C04F79EFBC}") = "Calculation test", "..\Calculation test\Calculation test.csproj", "{7540F477-7871-43F1-8B2B-B488CE483B30}"
EndProject
Global
	GlobalSection(SolutionConfigurationPlatforms) = preSolution
		Debug|Any CPU = Debug|Any CPU
		Release|Any CPU = Release|Any CPU
	EndGlobalSection
	GlobalSection(ProjectConfigurationPlatforms) = postSolution
		{2393AAA5-A2D9-4B08-B156-B498DD4B7E1E}.Debug|Any CPU.ActiveCfg = Debug|Any CPU
		{2393AAA5-A2D9-4B08-B156-B498DD4B7E1E}.Debug|Any CPU.Build.0 = Debug|Any CPU
		{2393AAA5-A2D9-4B08-B156-B498DD4B7E1E}.Release|Any CPU.ActiveCfg = Release|Any CPU
		{2393AAA5-A2D9-4B08-B156-B498DD4B7E1E}.Release|Any CPU.Build.0 = Release|Any CPU
		{7540F477-7871-43F1-8B2B-B488CE483B30}.Debug|Any CPU.ActiveCfg = Debug|Any CPU
		{7540F477-7871-43F1-8B2B-B488CE483B30}.Debug|Any CPU.Build.0 = Debug|Any CPU
		{7540F477-7871-43F1-8B2B-B488CE483B30}.Release|Any CPU.ActiveCfg = Release|Any CPU
		{7540F477-7871-43F1-8B2B-B488CE483B30}.Release|Any CPU.Build.0 = Release|Any CPU
	EndGlobalSection
	GlobalSection(SolutionProperties) = preSolution
		HideSolutionNode = FALSE
	EndGlobalSection
	GlobalSection(ExtensibilityGlobals) = postSolution
		SolutionGuid = {1AEE0CC4-2F71-4560-8AB1-AA549AE462FF}
	EndGlobalSection
EndGlobal
